
Microsoft Visual Studio Solution File, Format Version 12.00
# Visual Studio Version 17
VisualStudioVersion = 17.8.34322.80
MinimumVisualStudioVersion = 10.0.40219.1
Project("{9A19103F-16F7-4668-BE54-9A1E7A4F7556}") = "ApiSkeleton", "ApiSkeleton\ApiSkeleton.csproj", "{A7FA8ECF-6B67-40F1-A6DA-B2850225CFF1}"
EndProject
Project("{9A19103F-16F7-4668-BE54-9A1E7A4F7556}") = "Contracts", "Contracts\Contracts.csproj", "{9B3D0826-2CA8-4C9D-818E-823B12F9797B}"
EndProject
Project("{9A19103F-16F7-4668-BE54-9A1E7A4F7556}") = "LoggerService", "LoggerService\LoggerService.csproj", "{5AF63C11-052A-48B4-B9A3-D7B1F540645C}"
EndProject
Project("{9A19103F-16F7-4668-BE54-9A1E7A4F7556}") = "Entities", "Entities\Entities.csproj", "{D514B43C-5F59-4D0E-B045-47D43905EAD3}"
EndProject
Project("{9A19103F-16F7-4668-BE54-9A1E7A4F7556}") = "Repository", "Repository\Repository.csproj", "{EB67C22D-FFB0-4667-84D7-2AE475FDA08E}"
EndProject
Project("{FAE04EC0-301F-11D3-BF4B-00C04F79EFBC}") = "Service.Contracts", "Service.Contracts\Service.Contracts.csproj", "{9054A370-9026-4FF6-92A6-C42288579797}"
EndProject
Global
	GlobalSection(SolutionConfigurationPlatforms) = preSolution
		Debug|Any CPU = Debug|Any CPU
		Release|Any CPU = Release|Any CPU
	EndGlobalSection
	GlobalSection(ProjectConfigurationPlatforms) = postSolution
		{A7FA8ECF-6B67-40F1-A6DA-B2850225CFF1}.Debug|Any CPU.ActiveCfg = Debug|Any CPU
		{A7FA8ECF-6B67-40F1-A6DA-B2850225CFF1}.Debug|Any CPU.Build.0 = Debug|Any CPU
		{A7FA8ECF-6B67-40F1-A6DA-B2850225CFF1}.Release|Any CPU.ActiveCfg = Release|Any CPU
		{A7FA8ECF-6B67-40F1-A6DA-B2850225CFF1}.Release|Any CPU.Build.0 = Release|Any CPU
		{9B3D0826-2CA8-4C9D-818E-823B12F9797B}.Debug|Any CPU.ActiveCfg = Debug|Any CPU
		{9B3D0826-2CA8-4C9D-818E-823B12F9797B}.Debug|Any CPU.Build.0 = Debug|Any CPU
		{9B3D0826-2CA8-4C9D-818E-823B12F9797B}.Release|Any CPU.ActiveCfg = Release|Any CPU
		{9B3D0826-2CA8-4C9D-818E-823B12F9797B}.Release|Any CPU.Build.0 = Release|Any CPU
		{5AF63C11-052A-48B4-B9A3-D7B1F540645C}.Debug|Any CPU.ActiveCfg = Debug|Any CPU
		{5AF63C11-052A-48B4-B9A3-D7B1F540645C}.Debug|Any CPU.Build.0 = Debug|Any CPU
		{5AF63C11-052A-48B4-B9A3-D7B1F540645C}.Release|Any CPU.ActiveCfg = Release|Any CPU
		{5AF63C11-052A-48B4-B9A3-D7B1F540645C}.Release|Any CPU.Build.0 = Release|Any CPU
		{D514B43C-5F59-4D0E-B045-47D43905EAD3}.Debug|Any CPU.ActiveCfg = Debug|Any CPU
		{D514B43C-5F59-4D0E-B045-47D43905EAD3}.Debug|Any CPU.Build.0 = Debug|Any CPU
		{D514B43C-5F59-4D0E-B045-47D43905EAD3}.Release|Any CPU.ActiveCfg = Release|Any CPU
		{D514B43C-5F59-4D0E-B045-47D43905EAD3}.Release|Any CPU.Build.0 = Release|Any CPU
		{EB67C22D-FFB0-4667-84D7-2AE475FDA08E}.Debug|Any CPU.ActiveCfg = Debug|Any CPU
		{EB67C22D-FFB0-4667-84D7-2AE475FDA08E}.Debug|Any CPU.Build.0 = Debug|Any CPU
		{EB67C22D-FFB0-4667-84D7-2AE475FDA08E}.Release|Any CPU.ActiveCfg = Release|Any CPU
		{EB67C22D-FFB0-4667-84D7-2AE475FDA08E}.Release|Any CPU.Build.0 = Release|Any CPU
		{9054A370-9026-4FF6-92A6-C42288579797}.Debug|Any CPU.ActiveCfg = Debug|Any CPU
		{9054A370-9026-4FF6-92A6-C42288579797}.Debug|Any CPU.Build.0 = Debug|Any CPU
		{9054A370-9026-4FF6-92A6-C42288579797}.Release|Any CPU.ActiveCfg = Release|Any CPU
		{9054A370-9026-4FF6-92A6-C42288579797}.Release|Any CPU.Build.0 = Release|Any CPU
	EndGlobalSection
	GlobalSection(SolutionProperties) = preSolution
		HideSolutionNode = FALSE
	EndGlobalSection
	GlobalSection(ExtensibilityGlobals) = postSolution
		SolutionGuid = {BA84750B-F24A-4C5C-A234-F1FF0CDE9AF7}
	EndGlobalSection
EndGlobal
